
Microsoft Visual Studio Solution File, Format Version 12.00
# Visual Studio Version 17
VisualStudioVersion = 17.13.35919.96 d17.13
MinimumVisualStudioVersion = 10.0.40219.1
Project("{FAE04EC0-301F-11D3-BF4B-00C04F79EFBC}") = "BlazorWasmGuitarScales", "BlazorWasmGuitarScales.csproj", "{3C843E80-5C50-49E1-B993-AB2C71C524D5}"
EndProject
Global
	GlobalSection(SolutionConfigurationPlatforms) = preSolution
		Debug|Any CPU = Debug|Any CPU
		Release|Any CPU = Release|Any CPU
	EndGlobalSection
	GlobalSection(ProjectConfigurationPlatforms) = postSolution
		{3C843E80-5C50-49E1-B993-AB2C71C524D5}.Debug|Any CPU.ActiveCfg = Debug|Any CPU
		{3C843E80-5C50-49E1-B993-AB2C71C524D5}.Debug|Any CPU.Build.0 = Debug|Any CPU
		{3C843E80-5C50-49E1-B993-AB2C71C524D5}.Release|Any CPU.ActiveCfg = Release|Any CPU
		{3C843E80-5C50-49E1-B993-AB2C71C524D5}.Release|Any CPU.Build.0 = Release|Any CPU
	EndGlobalSection
	GlobalSection(SolutionProperties) = preSolution
		HideSolutionNode = FALSE
	EndGlobalSection
	GlobalSection(ExtensibilityGlobals) = postSolution
		SolutionGuid = {795C1617-A41F-4CB7-8CD4-0C60BE910C9C}
	EndGlobalSection
EndGlobal
